
Microsoft Visual Studio Solution File, Format Version 12.00
# Visual Studio 14
VisualStudioVersion = 14.0.25123.0
MinimumVisualStudioVersion = 10.0.40219.1
Project("{FAE04EC0-301F-11D3-BF4B-00C04F79EFBC}") = "KendoUIApp1", "KendoUIApp1\KendoUIApp1.csproj", "{1C241AE6-1498-4708-AD6B-CF35B6DF195A}"
EndProject
Project("{FAE04EC0-301F-11D3-BF4B-00C04F79EFBC}") = "KendoUIApp1Tests", "KendoUIApp1Tests\KendoUIApp1Tests.csproj", "{BA48EBDE-8AC3-477E-90C6-67B41976C3BB}"
EndProject
Global
	GlobalSection(SolutionConfigurationPlatforms) = preSolution
		Debug|Any CPU = Debug|Any CPU
		Release|Any CPU = Release|Any CPU
	EndGlobalSection
	GlobalSection(ProjectConfigurationPlatforms) = postSolution
		{1C241AE6-1498-4708-AD6B-CF35B6DF195A}.Debug|Any CPU.ActiveCfg = Debug|Any CPU
		{1C241AE6-1498-4708-AD6B-CF35B6DF195A}.Debug|Any CPU.Build.0 = Debug|Any CPU
		{1C241AE6-1498-4708-AD6B-CF35B6DF195A}.Release|Any CPU.ActiveCfg = Release|Any CPU
		{1C241AE6-1498-4708-AD6B-CF35B6DF195A}.Release|Any CPU.Build.0 = Release|Any CPU
		{BA48EBDE-8AC3-477E-90C6-67B41976C3BB}.Debug|Any CPU.ActiveCfg = Debug|Any CPU
		{BA48EBDE-8AC3-477E-90C6-67B41976C3BB}.Debug|Any CPU.Build.0 = Debug|Any CPU
		{BA48EBDE-8AC3-477E-90C6-67B41976C3BB}.Release|Any CPU.ActiveCfg = Release|Any CPU
		{BA48EBDE-8AC3-477E-90C6-67B41976C3BB}.Release|Any CPU.Build.0 = Release|Any CPU
	EndGlobalSection
	GlobalSection(SolutionProperties) = preSolution
		HideSolutionNode = FALSE
	EndGlobalSection
EndGlobal
